
Microsoft Visual Studio Solution File, Format Version 12.00
# Visual Studio 15
VisualStudioVersion = 15.0.25920.0
MinimumVisualStudioVersion = 10.0.40219.1
Project("{9A19103F-16F7-4668-BE54-9A1E7A4F7556}") = "Matrix.Core", "Matrix.Core\src\Matrix.Core.csproj", "{A3533F82-272A-4ACB-BA50-F11F8054D1AA}"
EndProject
Project("{9A19103F-16F7-4668-BE54-9A1E7A4F7556}") = "Matrix.Xml", "Matrix.Xml\src\Matrix.Xml.csproj", "{35B2CE0C-CE0E-4615-A0DA-E629D052C326}"
EndProject
Project("{9A19103F-16F7-4668-BE54-9A1E7A4F7556}") = "XpNet", "XpNet\src\XpNet.csproj", "{2D2B72FB-AF35-40DE-882E-731ECA8DCBAB}"
EndProject
Project("{9A19103F-16F7-4668-BE54-9A1E7A4F7556}") = "Matrix.Xml.Tests", "Matrix.Xml\test\Matrix.Xml.Tests.csproj", "{3A9B147B-1128-4D86-B9EB-BB3DF8B8BF28}"
EndProject
Project("{9A19103F-16F7-4668-BE54-9A1E7A4F7556}") = "Matrix.DotNetty", "Matrix.DotNetty\src\Matrix.DotNetty.csproj", "{9C5893E7-3A67-439C-A388-708E3D19A241}"
EndProject
Project("{9A19103F-16F7-4668-BE54-9A1E7A4F7556}") = "Matrix.Xmpp", "Matrix.Xmpp\src\Matrix.Xmpp.csproj", "{30ABF9B9-CC4B-42AD-B736-0C51D49E0916}"
EndProject
Project("{9A19103F-16F7-4668-BE54-9A1E7A4F7556}") = "Matrix.Core.Tests", "Matrix.Core\test\Matrix.Core.Tests.csproj", "{98DD4A67-20DE-4C3C-8A15-B623FE6D2E58}"
EndProject
Project("{9A19103F-16F7-4668-BE54-9A1E7A4F7556}") = "Matrix", "Matrix\src\Matrix.csproj", "{C63CD8A9-0652-4491-B84B-E34F03D995B4}"
EndProject
Global
	GlobalSection(SolutionConfigurationPlatforms) = preSolution
		Debug|Any CPU = Debug|Any CPU
		Debug|x64 = Debug|x64
		Debug|x86 = Debug|x86
		Release|Any CPU = Release|Any CPU
		Release|x64 = Release|x64
		Release|x86 = Release|x86
	EndGlobalSection
	GlobalSection(ProjectConfigurationPlatforms) = postSolution
		{A3533F82-272A-4ACB-BA50-F11F8054D1AA}.Debug|Any CPU.ActiveCfg = Debug|Any CPU
		{A3533F82-272A-4ACB-BA50-F11F8054D1AA}.Debug|Any CPU.Build.0 = Debug|Any CPU
		{A3533F82-272A-4ACB-BA50-F11F8054D1AA}.Debug|x64.ActiveCfg = Debug|x64
		{A3533F82-272A-4ACB-BA50-F11F8054D1AA}.Debug|x64.Build.0 = Debug|x64
		{A3533F82-272A-4ACB-BA50-F11F8054D1AA}.Debug|x86.ActiveCfg = Debug|x86
		{A3533F82-272A-4ACB-BA50-F11F8054D1AA}.Debug|x86.Build.0 = Debug|x86
		{A3533F82-272A-4ACB-BA50-F11F8054D1AA}.Release|Any CPU.ActiveCfg = Release|Any CPU
		{A3533F82-272A-4ACB-BA50-F11F8054D1AA}.Release|Any CPU.Build.0 = Release|Any CPU
		{A3533F82-272A-4ACB-BA50-F11F8054D1AA}.Release|x64.ActiveCfg = Release|x64
		{A3533F82-272A-4ACB-BA50-F11F8054D1AA}.Release|x64.Build.0 = Release|x64
		{A3533F82-272A-4ACB-BA50-F11F8054D1AA}.Release|x86.ActiveCfg = Release|x86
		{A3533F82-272A-4ACB-BA50-F11F8054D1AA}.Release|x86.Build.0 = Release|x86
		{35B2CE0C-CE0E-4615-A0DA-E629D052C326}.Debug|Any CPU.ActiveCfg = Debug|Any CPU
		{35B2CE0C-CE0E-4615-A0DA-E629D052C326}.Debug|Any CPU.Build.0 = Debug|Any CPU
		{35B2CE0C-CE0E-4615-A0DA-E629D052C326}.Debug|x64.ActiveCfg = Debug|Any CPU
		{35B2CE0C-CE0E-4615-A0DA-E629D052C326}.Debug|x64.Build.0 = Debug|Any CPU
		{35B2CE0C-CE0E-4615-A0DA-E629D052C326}.Debug|x86.ActiveCfg = Debug|Any CPU
		{35B2CE0C-CE0E-4615-A0DA-E629D052C326}.Debug|x86.Build.0 = Debug|Any CPU
		{35B2CE0C-CE0E-4615-A0DA-E629D052C326}.Release|Any CPU.ActiveCfg = Release|Any CPU
		{35B2CE0C-CE0E-4615-A0DA-E629D052C326}.Release|Any CPU.Build.0 = Release|Any CPU
		{35B2CE0C-CE0E-4615-A0DA-E629D052C326}.Release|x64.ActiveCfg = Release|Any CPU
		{35B2CE0C-CE0E-4615-A0DA-E629D052C326}.Release|x64.Build.0 = Release|Any CPU
		{35B2CE0C-CE0E-4615-A0DA-E629D052C326}.Release|x86.ActiveCfg = Release|Any CPU
		{35B2CE0C-CE0E-4615-A0DA-E629D052C326}.Release|x86.Build.0 = Release|Any CPU
		{2D2B72FB-AF35-40DE-882E-731ECA8DCBAB}.Debug|Any CPU.ActiveCfg = Debug|Any CPU
		{2D2B72FB-AF35-40DE-882E-731ECA8DCBAB}.Debug|Any CPU.Build.0 = Debug|Any CPU
		{2D2B72FB-AF35-40DE-882E-731ECA8DCBAB}.Debug|x64.ActiveCfg = Debug|Any CPU
		{2D2B72FB-AF35-40DE-882E-731ECA8DCBAB}.Debug|x64.Build.0 = Debug|Any CPU
		{2D2B72FB-AF35-40DE-882E-731ECA8DCBAB}.Debug|x86.ActiveCfg = Debug|Any CPU
		{2D2B72FB-AF35-40DE-882E-731ECA8DCBAB}.Debug|x86.Build.0 = Debug|Any CPU
		{2D2B72FB-AF35-40DE-882E-731ECA8DCBAB}.Release|Any CPU.ActiveCfg = Release|Any CPU
		{2D2B72FB-AF35-40DE-882E-731ECA8DCBAB}.Release|Any CPU.Build.0 = Release|Any CPU
		{2D2B72FB-AF35-40DE-882E-731ECA8DCBAB}.Release|x64.ActiveCfg = Release|Any CPU
		{2D2B72FB-AF35-40DE-882E-731ECA8DCBAB}.Release|x64.Build.0 = Release|Any CPU
		{2D2B72FB-AF35-40DE-882E-731ECA8DCBAB}.Release|x86.ActiveCfg = Release|Any CPU
		{2D2B72FB-AF35-40DE-882E-731ECA8DCBAB}.Release|x86.Build.0 = Release|Any CPU
		{3A9B147B-1128-4D86-B9EB-BB3DF8B8BF28}.Debug|Any CPU.ActiveCfg = Debug|Any CPU
		{3A9B147B-1128-4D86-B9EB-BB3DF8B8BF28}.Debug|Any CPU.Build.0 = Debug|Any CPU
		{3A9B147B-1128-4D86-B9EB-BB3DF8B8BF28}.Debug|x64.ActiveCfg = Debug|x64
		{3A9B147B-1128-4D86-B9EB-BB3DF8B8BF28}.Debug|x64.Build.0 = Debug|x64
		{3A9B147B-1128-4D86-B9EB-BB3DF8B8BF28}.Debug|x86.ActiveCfg = Debug|x86
		{3A9B147B-1128-4D86-B9EB-BB3DF8B8BF28}.Debug|x86.Build.0 = Debug|x86
		{3A9B147B-1128-4D86-B9EB-BB3DF8B8BF28}.Release|Any CPU.ActiveCfg = Release|Any CPU
		{3A9B147B-1128-4D86-B9EB-BB3DF8B8BF28}.Release|Any CPU.Build.0 = Release|Any CPU
		{3A9B147B-1128-4D86-B9EB-BB3DF8B8BF28}.Release|x64.ActiveCfg = Release|x64
		{3A9B147B-1128-4D86-B9EB-BB3DF8B8BF28}.Release|x64.Build.0 = Release|x64
		{3A9B147B-1128-4D86-B9EB-BB3DF8B8BF28}.Release|x86.ActiveCfg = Release|x86
		{3A9B147B-1128-4D86-B9EB-BB3DF8B8BF28}.Release|x86.Build.0 = Release|x86
		{9C5893E7-3A67-439C-A388-708E3D19A241}.Debug|Any CPU.ActiveCfg = Debug|Any CPU
		{9C5893E7-3A67-439C-A388-708E3D19A241}.Debug|Any CPU.Build.0 = Debug|Any CPU
		{9C5893E7-3A67-439C-A388-708E3D19A241}.Debug|x64.ActiveCfg = Debug|x64
		{9C5893E7-3A67-439C-A388-708E3D19A241}.Debug|x64.Build.0 = Debug|x64
		{9C5893E7-3A67-439C-A388-708E3D19A241}.Debug|x86.ActiveCfg = Debug|x86
		{9C5893E7-3A67-439C-A388-708E3D19A241}.Debug|x86.Build.0 = Debug|x86
		{9C5893E7-3A67-439C-A388-708E3D19A241}.Release|Any CPU.ActiveCfg = Release|Any CPU
		{9C5893E7-3A67-439C-A388-708E3D19A241}.Release|Any CPU.Build.0 = Release|Any CPU
		{9C5893E7-3A67-439C-A388-708E3D19A241}.Release|x64.ActiveCfg = Release|x64
		{9C5893E7-3A67-439C-A388-708E3D19A241}.Release|x64.Build.0 = Release|x64
		{9C5893E7-3A67-439C-A388-708E3D19A241}.Release|x86.ActiveCfg = Release|x86
		{9C5893E7-3A67-439C-A388-708E3D19A241}.Release|x86.Build.0 = Release|x86
		{30ABF9B9-CC4B-42AD-B736-0C51D49E0916}.Debug|Any CPU.ActiveCfg = Debug|Any CPU
		{30ABF9B9-CC4B-42AD-B736-0C51D49E0916}.Debug|Any CPU.Build.0 = Debug|Any CPU
		{30ABF9B9-CC4B-42AD-B736-0C51D49E0916}.Debug|x64.ActiveCfg = Debug|x64
		{30ABF9B9-CC4B-42AD-B736-0C51D49E0916}.Debug|x64.Build.0 = Debug|x64
		{30ABF9B9-CC4B-42AD-B736-0C51D49E0916}.Debug|x86.ActiveCfg = Debug|x86
		{30ABF9B9-CC4B-42AD-B736-0C51D49E0916}.Debug|x86.Build.0 = Debug|x86
		{30ABF9B9-CC4B-42AD-B736-0C51D49E0916}.Release|Any CPU.ActiveCfg = Release|Any CPU
		{30ABF9B9-CC4B-42AD-B736-0C51D49E0916}.Release|Any CPU.Build.0 = Release|Any CPU
		{30ABF9B9-CC4B-42AD-B736-0C51D49E0916}.Release|x64.ActiveCfg = Release|x64
		{30ABF9B9-CC4B-42AD-B736-0C51D49E0916}.Release|x64.Build.0 = Release|x64
		{30ABF9B9-CC4B-42AD-B736-0C51D49E0916}.Release|x86.ActiveCfg = Release|x86
		{30ABF9B9-CC4B-42AD-B736-0C51D49E0916}.Release|x86.Build.0 = Release|x86
		{98DD4A67-20DE-4C3C-8A15-B623FE6D2E58}.Debug|Any CPU.ActiveCfg = Debug|Any CPU
		{98DD4A67-20DE-4C3C-8A15-B623FE6D2E58}.Debug|Any CPU.Build.0 = Debug|Any CPU
		{98DD4A67-20DE-4C3C-8A15-B623FE6D2E58}.Debug|x64.ActiveCfg = Debug|x64
		{98DD4A67-20DE-4C3C-8A15-B623FE6D2E58}.Debug|x64.Build.0 = Debug|x64
		{98DD4A67-20DE-4C3C-8A15-B623FE6D2E58}.Debug|x86.ActiveCfg = Debug|x86
		{98DD4A67-20DE-4C3C-8A15-B623FE6D2E58}.Debug|x86.Build.0 = Debug|x86
		{98DD4A67-20DE-4C3C-8A15-B623FE6D2E58}.Release|Any CPU.ActiveCfg = Release|Any CPU
		{98DD4A67-20DE-4C3C-8A15-B623FE6D2E58}.Release|Any CPU.Build.0 = Release|Any CPU
		{98DD4A67-20DE-4C3C-8A15-B623FE6D2E58}.Release|x64.ActiveCfg = Release|x64
		{98DD4A67-20DE-4C3C-8A15-B623FE6D2E58}.Release|x64.Build.0 = Release|x64
		{98DD4A67-20DE-4C3C-8A15-B623FE6D2E58}.Release|x86.ActiveCfg = Release|x86
		{98DD4A67-20DE-4C3C-8A15-B623FE6D2E58}.Release|x86.Build.0 = Release|x86
		{C63CD8A9-0652-4491-B84B-E34F03D995B4}.Debug|Any CPU.ActiveCfg = Debug|Any CPU
		{C63CD8A9-0652-4491-B84B-E34F03D995B4}.Debug|Any CPU.Build.0 = Debug|Any CPU
		{C63CD8A9-0652-4491-B84B-E34F03D995B4}.Debug|x64.ActiveCfg = Debug|x64
		{C63CD8A9-0652-4491-B84B-E34F03D995B4}.Debug|x64.Build.0 = Debug|x64
		{C63CD8A9-0652-4491-B84B-E34F03D995B4}.Debug|x86.ActiveCfg = Debug|x86
		{C63CD8A9-0652-4491-B84B-E34F03D995B4}.Debug|x86.Build.0 = Debug|x86
		{C63CD8A9-0652-4491-B84B-E34F03D995B4}.Release|Any CPU.ActiveCfg = Release|Any CPU
		{C63CD8A9-0652-4491-B84B-E34F03D995B4}.Release|Any CPU.Build.0 = Release|Any CPU
		{C63CD8A9-0652-4491-B84B-E34F03D995B4}.Release|x64.ActiveCfg = Release|x64
		{C63CD8A9-0652-4491-B84B-E34F03D995B4}.Release|x64.Build.0 = Release|x64
		{C63CD8A9-0652-4491-B84B-E34F03D995B4}.Release|x86.ActiveCfg = Release|x86
		{C63CD8A9-0652-4491-B84B-E34F03D995B4}.Release|x86.Build.0 = Release|x86
	EndGlobalSection
	GlobalSection(SolutionProperties) = preSolution
		HideSolutionNode = FALSE
	EndGlobalSection
EndGlobal
