
Microsoft Visual Studio Solution File, Format Version 12.00
# Visual Studio 15
VisualStudioVersion = 15.0.26228.4
MinimumVisualStudioVersion = 10.0.40219.1
Project("{2150E333-8FDC-42A3-9474-1A3956D46DE8}") = "Solution Items", "Solution Items", "{86338EEA-3CFB-4DAE-B6AA-7D3780EF38AE}"
EndProject
Project("{9A19103F-16F7-4668-BE54-9A1E7A4F7556}") = "Matrix", "src\Matrix\Matrix.csproj", "{9C6B6B38-945E-46CA-9924-D457778FD0CC}"
EndProject
Project("{9A19103F-16F7-4668-BE54-9A1E7A4F7556}") = "Matrix.Srv", "src\Matrix.Srv\Matrix.Srv.csproj", "{F2F5D8B8-68A3-446F-A437-60A3DFE33E47}"
EndProject
Project("{9A19103F-16F7-4668-BE54-9A1E7A4F7556}") = "Matrix.Tests", "test\Matrix.Tests\Matrix.Tests.csproj", "{A104B058-9DF1-422C-B50C-4B09926A8AB5}"
EndProject
Project("{9A19103F-16F7-4668-BE54-9A1E7A4F7556}") = "ConsoleClient", "examples\ConsoleClient\ConsoleClient.csproj", "{CA862B95-25F3-40C8-8FC6-E12C633555EB}"
EndProject
Project("{9A19103F-16F7-4668-BE54-9A1E7A4F7556}") = "Server", "examples\Server\Server.csproj", "{AA5D12CA-42AC-4A3F-9FB2-D7EA15B1309B}"
EndProject
Global
	GlobalSection(SolutionConfigurationPlatforms) = preSolution
		Debug|Any CPU = Debug|Any CPU
		Release|Any CPU = Release|Any CPU
	EndGlobalSection
	GlobalSection(ProjectConfigurationPlatforms) = postSolution
		{9C6B6B38-945E-46CA-9924-D457778FD0CC}.Debug|Any CPU.ActiveCfg = Debug|Any CPU
		{9C6B6B38-945E-46CA-9924-D457778FD0CC}.Debug|Any CPU.Build.0 = Debug|Any CPU
		{9C6B6B38-945E-46CA-9924-D457778FD0CC}.Release|Any CPU.ActiveCfg = Release|Any CPU
		{9C6B6B38-945E-46CA-9924-D457778FD0CC}.Release|Any CPU.Build.0 = Release|Any CPU
		{F2F5D8B8-68A3-446F-A437-60A3DFE33E47}.Debug|Any CPU.ActiveCfg = Debug|Any CPU
		{F2F5D8B8-68A3-446F-A437-60A3DFE33E47}.Debug|Any CPU.Build.0 = Debug|Any CPU
		{F2F5D8B8-68A3-446F-A437-60A3DFE33E47}.Release|Any CPU.ActiveCfg = Release|Any CPU
		{F2F5D8B8-68A3-446F-A437-60A3DFE33E47}.Release|Any CPU.Build.0 = Release|Any CPU
		{A104B058-9DF1-422C-B50C-4B09926A8AB5}.Debug|Any CPU.ActiveCfg = Debug|Any CPU
		{A104B058-9DF1-422C-B50C-4B09926A8AB5}.Debug|Any CPU.Build.0 = Debug|Any CPU
		{A104B058-9DF1-422C-B50C-4B09926A8AB5}.Release|Any CPU.ActiveCfg = Release|Any CPU
		{A104B058-9DF1-422C-B50C-4B09926A8AB5}.Release|Any CPU.Build.0 = Release|Any CPU
		{CA862B95-25F3-40C8-8FC6-E12C633555EB}.Debug|Any CPU.ActiveCfg = Debug|Any CPU
		{CA862B95-25F3-40C8-8FC6-E12C633555EB}.Debug|Any CPU.Build.0 = Debug|Any CPU
		{CA862B95-25F3-40C8-8FC6-E12C633555EB}.Release|Any CPU.ActiveCfg = Release|Any CPU
		{CA862B95-25F3-40C8-8FC6-E12C633555EB}.Release|Any CPU.Build.0 = Release|Any CPU
		{AA5D12CA-42AC-4A3F-9FB2-D7EA15B1309B}.Debug|Any CPU.ActiveCfg = Debug|Any CPU
		{AA5D12CA-42AC-4A3F-9FB2-D7EA15B1309B}.Debug|Any CPU.Build.0 = Debug|Any CPU
		{AA5D12CA-42AC-4A3F-9FB2-D7EA15B1309B}.Release|Any CPU.ActiveCfg = Release|Any CPU
		{AA5D12CA-42AC-4A3F-9FB2-D7EA15B1309B}.Release|Any CPU.Build.0 = Release|Any CPU
	EndGlobalSection
	GlobalSection(SolutionProperties) = preSolution
		HideSolutionNode = FALSE
	EndGlobalSection
EndGlobal
